// !$*UTF8*$!
{
	archiveVersion = 1;
	classes = {
	};
	objectVersion = 46;
	objects = {

/* Begin PBXBuildFile section */
		CA2DCB951BE27D3600CA9304 /* AppDelegate.swift in Sources */ = {isa = PBXBuildFile; fileRef = CA2DCB941BE27D3600CA9304 /* AppDelegate.swift */; };
		CA2DCB971BE27D3600CA9304 /* FirstViewController.swift in Sources */ = {isa = PBXBuildFile; fileRef = CA2DCB961BE27D3600CA9304 /* FirstViewController.swift */; };
		CA2DCB991BE27D3600CA9304 /* SecondViewController.swift in Sources */ = {isa = PBXBuildFile; fileRef = CA2DCB981BE27D3600CA9304 /* SecondViewController.swift */; };
		CA2DCB9C1BE27D3600CA9304 /* Main.storyboard in Resources */ = {isa = PBXBuildFile; fileRef = CA2DCB9A1BE27D3600CA9304 /* Main.storyboard */; };
		CA2DCB9E1BE27D3600CA9304 /* Assets.xcassets in Resources */ = {isa = PBXBuildFile; fileRef = CA2DCB9D1BE27D3600CA9304 /* Assets.xcassets */; };
		CA2DCBA11BE27D3600CA9304 /* LaunchScreen.storyboard in Resources */ = {isa = PBXBuildFile; fileRef = CA2DCB9F1BE27D3600CA9304 /* LaunchScreen.storyboard */; };
/* End PBXBuildFile section */

/* Begin PBXFileReference section */
		CA2DCB911BE27D3600CA9304 /* ToDo-List.app */ = {isa = PBXFileReference; explicitFileType = wrapper.application; includeInIndex = 0; path = "ToDo-List.app"; sourceTree = BUILT_PRODUCTS_DIR; };
		CA2DCB941BE27D3600CA9304 /* AppDelegate.swift */ = {isa = PBXFileReference; lastKnownFileType = sourcecode.swift; path = AppDelegate.swift; sourceTree = "<group>"; };
		CA2DCB961BE27D3600CA9304 /* FirstViewController.swift */ = {isa = PBXFileReference; lastKnownFileType = sourcecode.swift; path = FirstViewController.swift; sourceTree = "<group>"; };
		CA2DCB981BE27D3600CA9304 /* SecondViewController.swift */ = {isa = PBXFileReference; lastKnownFileType = sourcecode.swift; path = SecondViewController.swift; sourceTree = "<group>"; };
		CA2DCB9B1BE27D3600CA9304 /* Base */ = {isa = PBXFileReference; lastKnownFileType = file.storyboard; name = Base; path = Base.lproj/Main.storyboard; sourceTree = "<group>"; };
		CA2DCB9D1BE27D3600CA9304 /* Assets.xcassets */ = {isa = PBXFileReference; lastKnownFileType = folder.assetcatalog; path = Assets.xcassets; sourceTree = "<group>"; };
		CA2DCBA01BE27D3600CA9304 /* Base */ = {isa = PBXFileReference; lastKnownFileType = file.storyboard; name = Base; path = Base.lproj/LaunchScreen.storyboard; sourceTree = "<group>"; };
		CA2DCBA21BE27D3600CA9304 /* Info.plist */ = {isa = PBXFileReference; lastKnownFileType = text.plist.xml; path = Info.plist; sourceTree = "<group>"; };
/* End PBXFileReference section */

/* Begin PBXFrameworksBuildPhase section */
		CA2DCB8E1BE27D3600CA9304 /* Frameworks */ = {
			isa = PBXFrameworksBuildPhase;
			buildActionMask = 2147483647;
			files = (
			);
			runOnlyForDeploymentPostprocessing = 0;
		};
/* End PBXFrameworksBuildPhase section */

/* Begin PBXGroup section */
		CA2DCB881BE27D3600CA9304 = {
			isa = PBXGroup;
			children = (
				CA2DCB931BE27D3600CA9304 /* ToDo-List */,
				CA2DCB921BE27D3600CA9304 /* Products */,
			);
			sourceTree = "<group>";
		};
		CA2DCB921BE27D3600CA9304 /* Products */ = {
			isa = PBXGroup;
			children = (
				CA2DCB911BE27D3600CA9304 /* ToDo-List.app */,
			);
			name = Products;
			sourceTree = "<group>";
		};
		CA2DCB931BE27D3600CA9304 /* ToDo-List */ = {
			isa = PBXGroup;
			children = (
				CA2DCB941BE27D3600CA9304 /* AppDelegate.swift */,
				CA2DCB961BE27D3600CA9304 /* FirstViewController.swift */,
				CA2DCB981BE27D3600CA9304 /* SecondViewController.swift */,
				CA2DCB9A1BE27D3600CA9304 /* Main.storyboard */,
				CA2DCB9D1BE27D3600CA9304 /* Assets.xcassets */,
				CA2DCB9F1BE27D3600CA9304 /* LaunchScreen.storyboard */,
				CA2DCBA21BE27D3600CA9304 /* Info.plist */,
			);
			path = "ToDo-List";
			sourceTree = "<group>";
		};
/* End PBXGroup section */

/* Begin PBXNativeTarget section */
		CA2DCB901BE27D3600CA9304 /* ToDo-List */ = {
			isa = PBXNativeTarget;
			buildConfigurationList = CA2DCBA51BE27D3600CA9304 /* Build configuration list for PBXNativeTarget "ToDo-List" */;
			buildPhases = (
				CA2DCB8D1BE27D3600CA9304 /* Sources */,
				CA2DCB8E1BE27D3600CA9304 /* Frameworks */,
				CA2DCB8F1BE27D3600CA9304 /* Resources */,
			);
			buildRules = (
			);
			dependencies = (
			);
			name = "ToDo-List";
			productName = "ToDo-List";
			productReference = CA2DCB911BE27D3600CA9304 /* ToDo-List.app */;
			productType = "com.apple.product-type.application";
		};
/* End PBXNativeTarget section */

/* Begin PBXProject section */
		CA2DCB891BE27D3600CA9304 /* Project object */ = {
			isa = PBXProject;
			attributes = {
				LastSwiftUpdateCheck = 0710;
				LastUpgradeCheck = 0710;
				ORGANIZATIONNAME = Priom.net;
				TargetAttributes = {
					CA2DCB901BE27D3600CA9304 = {
						CreatedOnToolsVersion = 7.1;
						DevelopmentTeam = 4W5KPMC427;
						LastSwiftMigration = 0800;
					};
				};
			};
			buildConfigurationList = CA2DCB8C1BE27D3600CA9304 /* Build configuration list for PBXProject "ToDo-List" */;
			compatibilityVersion = "Xcode 3.2";
			developmentRegion = English;
			hasScannedForEncodings = 0;
			knownRegions = (
				en,
				Base,
			);
			mainGroup = CA2DCB881BE27D3600CA9304;
			productRefGroup = CA2DCB921BE27D3600CA9304 /* Products */;
			projectDirPath = "";
			projectRoot = "";
			targets = (
				CA2DCB901BE27D3600CA9304 /* ToDo-List */,
			);
		};
/* End PBXProject section */

/* Begin PBXResourcesBuildPhase section */
		CA2DCB8F1BE27D3600CA9304 /* Resources */ = {
			isa = PBXResourcesBuildPhase;
			buildActionMask = 2147483647;
			files = (
				CA2DCBA11BE27D3600CA9304 /* LaunchScreen.storyboard in Resources */,
				CA2DCB9E1BE27D3600CA9304 /* Assets.xcassets in Resources */,
				CA2DCB9C1BE27D3600CA9304 /* Main.storyboard in Resources */,
			);
			runOnlyForDeploymentPostprocessing = 0;
		};
/* End PBXResourcesBuildPhase section */

/* Begin PBXSourcesBuildPhase section */
		CA2DCB8D1BE27D3600CA9304 /* Sources */ = {
			isa = PBXSourcesBuildPhase;
			buildActionMask = 2147483647;
			files = (
				CA2DCB991BE27D3600CA9304 /* SecondViewController.swift in Sources */,
				CA2DCB951BE27D3600CA9304 /* AppDelegate.swift in Sources */,
				CA2DCB971BE27D3600CA9304 /* FirstViewController.swift in Sources */,
			);
			runOnlyForDeploymentPostprocessing = 0;
		};
/* End PBXSourcesBuildPhase section */

/* Begin PBXVariantGroup section */
		CA2DCB9A1BE27D3600CA9304 /* Main.storyboard */ = {
			isa = PBXVariantGroup;
			children = (
				CA2DCB9B1BE27D3600CA9304 /* Base */,
			);
			name = Main.storyboard;
			sourceTree = "<group>";
		};
		CA2DCB9F1BE27D3600CA9304 /* LaunchScreen.storyboard */ = {
			isa = PBXVariantGroup;
			children = (
				CA2DCBA01BE27D3600CA9304 /* Base */,
			);
			name = LaunchScreen.storyboard;
			sourceTree = "<group>";
		};
/* End PBXVariantGroup section */

/* Begin XCBuildConfiguration section */
		CA2DCBA31BE27D3600CA9304 /* Debug */ = {
			isa = XCBuildConfiguration;
			buildSettings = {
				ALWAYS_SEARCH_USER_PATHS = NO;
				CLANG_CXX_LANGUAGE_STANDARD = "gnu++0x";
				CLANG_CXX_LIBRARY = "libc++";
				CLANG_ENABLE_MODULES = YES;
				CLANG_ENABLE_OBJC_ARC = YES;
				CLANG_WARN_BOOL_CONVERSION = YES;
				CLANG_WARN_CONSTANT_CONVERSION = YES;
				CLANG_WARN_DIRECT_OBJC_ISA_USAGE = YES_ERROR;
				CLANG_WARN_EMPTY_BODY = YES;
				CLANG_WARN_ENUM_CONVERSION = YES;
				CLANG_WARN_INT_CONVERSION = YES;
				CLANG_WARN_OBJC_ROOT_CLASS = YES_ERROR;
				CLANG_WARN_UNREACHABLE_CODE = YES;
				CLANG_WARN__DUPLICATE_METHOD_MATCH = YES;
				"CODE_SIGN_IDENTITY[sdk=iphoneos*]" = "iPhone Developer";
				COPY_PHASE_STRIP = NO;
				DEBUG_INFORMATION_FORMAT = dwarf;
				ENABLE_STRICT_OBJC_MSGSEND = YES;
				ENABLE_TESTABILITY = YES;
				GCC_C_LANGUAGE_STANDARD = gnu99;
				GCC_DYNAMIC_NO_PIC = NO;
				GCC_NO_COMMON_BLOCKS = YES;
				GCC_OPTIMIZATION_LEVEL = 0;
				GCC_PREPROCESSOR_DEFINITIONS = (
					"DEBUG=1",
					"$(inherited)",
				);
				GCC_WARN_64_TO_32_BIT_CONVERSION = YES;
				GCC_WARN_ABOUT_RETURN_TYPE = YES_ERROR;
				GCC_WARN_UNDECLARED_SELECTOR = YES;
				GCC_WARN_UNINITIALIZED_AUTOS = YES_AGGRESSIVE;
				GCC_WARN_UNUSED_FUNCTION = YES;
				GCC_WARN_UNUSED_VARIABLE = YES;
				IPHONEOS_DEPLOYMENT_TARGET = 9.1;
				MTL_ENABLE_DEBUG_INFO = YES;
				ONLY_ACTIVE_ARCH = YES;
				SDKROOT = iphoneos;
				SWIFT_OPTIMIZATION_LEVEL = "-Onone";
			};
			name = Debug;
		};
		CA2DCBA41BE27D3600CA9304 /* Release */ = {
			isa = XCBuildConfiguration;
			buildSettings = {
				ALWAYS_SEARCH_USER_PATHS = NO;
				CLANG_CXX_LANGUAGE_STANDARD = "gnu++0x";
				CLANG_CXX_LIBRARY = "libc++";
				CLANG_ENABLE_MODULES = YES;
				CLANG_ENABLE_OBJC_ARC = YES;
				CLANG_WARN_BOOL_CONVERSION = YES;
				CLANG_WARN_CONSTANT_CONVERSION = YES;
				CLANG_WARN_DIRECT_OBJC_ISA_USAGE = YES_ERROR;
				CLANG_WARN_EMPTY_BODY = YES;
				CLANG_WARN_ENUM_CONVERSION = YES;
				CLANG_WARN_INT_CONVERSION = YES;
				CLANG_WARN_OBJC_ROOT_CLASS = YES_ERROR;
				CLANG_WARN_UNREACHABLE_CODE = YES;
				CLANG_WARN__DUPLICATE_METHOD_MATCH = YES;
				"CODE_SIGN_IDENTITY[sdk=iphoneos*]" = "iPhone Developer";
				COPY_PHASE_STRIP = NO;
				DEBUG_INFORMATION_FORMAT = "dwarf-with-dsym";
				ENABLE_NS_ASSERTIONS = NO;
				ENABLE_STRICT_OBJC_MSGSEND = YES;
				GCC_C_LANGUAGE_STANDARD = gnu99;
				GCC_NO_COMMON_BLOCKS = YES;
				GCC_WARN_64_TO_32_BIT_CONVERSION = YES;
				GCC_WARN_ABOUT_RETURN_TYPE = YES_ERROR;
				GCC_WARN_UNDECLARED_SELECTOR = YES;
				GCC_WARN_UNINITIALIZED_AUTOS = YES_AGGRESSIVE;
				GCC_WARN_UNUSED_FUNCTION = YES;
				GCC_WARN_UNUSED_VARIABLE = YES;
				IPHONEOS_DEPLOYMENT_TARGET = 9.1;
				MTL_ENABLE_DEBUG_INFO = NO;
				SDKROOT = iphoneos;
				VALIDATE_PRODUCT = YES;
			};
			name = Release;
		};
		CA2DCBA61BE27D3600CA9304 /* Debug */ = {
			isa = XCBuildConfiguration;
			buildSettings = {
				ASSETCATALOG_COMPILER_APPICON_NAME = AppIcon;
				INFOPLIST_FILE = "ToDo-List/Info.plist";
				LD_RUNPATH_SEARCH_PATHS = "$(inherited) @executable_path/Frameworks";
				PRODUCT_BUNDLE_IDENTIFIER = "com.c0der0.ToDo-List";
				PRODUCT_NAME = "$(TARGET_NAME)";
				SWIFT_VERSION = 3.0;
			};
			name = Debug;
		};
		CA2DCBA71BE27D3600CA9304 /* Release */ = {
			isa = XCBuildConfiguration;
			buildSettings = {
				ASSETCATALOG_COMPILER_APPICON_NAME = AppIcon;
				INFOPLIST_FILE = "ToDo-List/Info.plist";
				LD_RUNPATH_SEARCH_PATHS = "$(inherited) @executable_path/Frameworks";
				PRODUCT_BUNDLE_IDENTIFIER = "com.c0der0.ToDo-List";
				PRODUCT_NAME = "$(TARGET_NAME)";
				SWIFT_VERSION = 3.0;
			};
			name = Release;
		};
/* End XCBuildConfiguration section */

/* Begin XCConfigurationList section */
		CA2DCB8C1BE27D3600CA9304 /* Build configuration list for PBXProject "ToDo-List" */ = {
			isa = XCConfigurationList;
			buildConfigurations = (
				CA2DCBA31BE27D3600CA9304 /* Debug */,
				CA2DCBA41BE27D3600CA9304 /* Release */,
			);
			defaultConfigurationIsVisible = 0;
			defaultConfigurationName = Release;
		};
		CA2DCBA51BE27D3600CA9304 /* Build configuration list for PBXNativeTarget "ToDo-List" */ = {
			isa = XCConfigurationList;
			buildConfigurations = (
				CA2DCBA61BE27D3600CA9304 /* Debug */,
				CA2DCBA71BE27D3600CA9304 /* Release */,
			);
			defaultConfigurationIsVisible = 0;
			defaultConfigurationName = Release;
		};
/* End XCConfigurationList section */
	};
	rootObject = CA2DCB891BE27D3600CA9304 /* Project object */;
}
